
Microsoft Visual Studio Solution File, Format Version 12.00
# Visual Studio 15
VisualStudioVersion = 15.0.27130.2026
MinimumVisualStudioVersion = 10.0.40219.1
Project("{FAE04EC0-301F-11D3-BF4B-00C04F79EFBC}") = "GenericRepositoryUnitOfWork", "GenericRepositoryUnitOfWork\GenericRepositoryUnitOfWork.csproj", "{DAE340C9-715B-46CE-A12F-8009A2EAF7E8}"
EndProject
Project("{FAE04EC0-301F-11D3-BF4B-00C04F79EFBC}") = "TestRepository", "TestRepository\TestRepository.csproj", "{A8FDCC1B-FC9C-4A1A-B27E-E7274ECD9B12}"
EndProject
Global
	GlobalSection(SolutionConfigurationPlatforms) = preSolution
		Debug|Any CPU = Debug|Any CPU
		Release|Any CPU = Release|Any CPU
	EndGlobalSection
	GlobalSection(ProjectConfigurationPlatforms) = postSolution
		{DAE340C9-715B-46CE-A12F-8009A2EAF7E8}.Debug|Any CPU.ActiveCfg = Debug|Any CPU
		{DAE340C9-715B-46CE-A12F-8009A2EAF7E8}.Debug|Any CPU.Build.0 = Debug|Any CPU
		{DAE340C9-715B-46CE-A12F-8009A2EAF7E8}.Release|Any CPU.ActiveCfg = Release|Any CPU
		{DAE340C9-715B-46CE-A12F-8009A2EAF7E8}.Release|Any CPU.Build.0 = Release|Any CPU
		{A8FDCC1B-FC9C-4A1A-B27E-E7274ECD9B12}.Debug|Any CPU.ActiveCfg = Debug|Any CPU
		{A8FDCC1B-FC9C-4A1A-B27E-E7274ECD9B12}.Debug|Any CPU.Build.0 = Debug|Any CPU
		{A8FDCC1B-FC9C-4A1A-B27E-E7274ECD9B12}.Release|Any CPU.ActiveCfg = Release|Any CPU
		{A8FDCC1B-FC9C-4A1A-B27E-E7274ECD9B12}.Release|Any CPU.Build.0 = Release|Any CPU
	EndGlobalSection
	GlobalSection(SolutionProperties) = preSolution
		HideSolutionNode = FALSE
	EndGlobalSection
	GlobalSection(ExtensibilityGlobals) = postSolution
		SolutionGuid = {77E8603D-120E-46DF-9966-BD9DB75155CB}
	EndGlobalSection
EndGlobal
